
Microsoft Visual Studio Solution File, Format Version 12.00
# Visual Studio Version 17
VisualStudioVersion = 17.7.34031.279
MinimumVisualStudioVersion = 10.0.40219.1
Project("{8BC9CEB8-8B4A-11D0-8D11-00A0C91BC942}") = "Apples", "Apples\Apples.vcxproj", "{570B409B-AAD7-487F-B7C0-3EE3D46CF17F}"
EndProject
Project("{8BC9CEB8-8B4A-11D0-8D11-00A0C91BC942}") = "risunok", "risunok\risunok.vcxproj", "{CB5EC68B-4B3B-46F9-8944-F0E02D78FC9C}"
EndProject
Project("{8BC9CEB8-8B4A-11D0-8D11-00A0C91BC942}") = "11(1)", "11(1)\11(1).vcxproj", "{6FCD8E52-B4F9-4745-9DEB-3E3B51D4DCDE}"
EndProject
Project("{8BC9CEB8-8B4A-11D0-8D11-00A0C91BC942}") = "11(2)", "11(2)\11(2).vcxproj", "{40564367-DAF2-424D-9709-44CD4E0354EC}"
EndProject
Project("{8BC9CEB8-8B4A-11D0-8D11-00A0C91BC942}") = "12(1)", "12(1)\12(1).vcxproj", "{E97F1F31-C18C-4525-B061-F589FC157BE9}"
EndProject
Project("{8BC9CEB8-8B4A-11D0-8D11-00A0C91BC942}") = "12(2)", "12(2)\12(2).vcxproj", "{2C4744D0-FD27-43EA-A80A-46C81C88E321}"
EndProject
Project("{8BC9CEB8-8B4A-11D0-8D11-00A0C91BC942}") = "1(1)", "13(1)\13(1).vcxproj", "{A99D5E50-63DF-4674-B889-B0C54790909E}"
EndProject
Project("{8BC9CEB8-8B4A-11D0-8D11-00A0C91BC942}") = "1(2)", "1(2)\1(2).vcxproj", "{381201CD-B330-46E8-B1F8-3681CFB2B35D}"
EndProject
Project("{8BC9CEB8-8B4A-11D0-8D11-00A0C91BC942}") = "apples+", "apples+\apples+.vcxproj", "{FBBFF12B-0B45-4A4A-B1A2-E26BC8B64312}"
EndProject
Project("{8BC9CEB8-8B4A-11D0-8D11-00A0C91BC942}") = "risunok+", "risunok+\risunok+.vcxproj", "{EA78E66A-6633-42B1-A7A8-BA92357C6A77}"
EndProject
Project("{8BC9CEB8-8B4A-11D0-8D11-00A0C91BC942}") = "1(1)+", "1(1)+\1(1)+.vcxproj", "{71E46EF6-9021-4E65-9F6E-9F48BE00A426}"
EndProject
Project("{8BC9CEB8-8B4A-11D0-8D11-00A0C91BC942}") = "11(1)+", "11(1)+\11(1)+.vcxproj", "{77EDDF4A-D24E-47ED-BEEA-89796C72DB5D}"
EndProject
Project("{8BC9CEB8-8B4A-11D0-8D11-00A0C91BC942}") = "12(1)+", "12(1)+\12(1)+.vcxproj", "{7266895C-4483-4BE2-8433-30703E5EBF3A}"
EndProject
Project("{8BC9CEB8-8B4A-11D0-8D11-00A0C91BC942}") = "1(2)+", "1(2)+\1(2)+.vcxproj", "{56286601-F808-488C-A8C6-1095A52B7379}"
EndProject
Project("{8BC9CEB8-8B4A-11D0-8D11-00A0C91BC942}") = "11(2)+", "11(2)+\11(2)+.vcxproj", "{E69BD89C-BA55-4A9F-A890-1D90CD2AAF67}"
EndProject
Project("{8BC9CEB8-8B4A-11D0-8D11-00A0C91BC942}") = "12(2)+", "12(2)+\12(2)+.vcxproj", "{52116B23-D731-45A6-A116-A2260158BDDF}"
EndProject
Global
	GlobalSection(SolutionConfigurationPlatforms) = preSolution
		Debug|x64 = Debug|x64
		Debug|x86 = Debug|x86
		Release|x64 = Release|x64
		Release|x86 = Release|x86
	EndGlobalSection
	GlobalSection(ProjectConfigurationPlatforms) = postSolution
		{570B409B-AAD7-487F-B7C0-3EE3D46CF17F}.Debug|x64.ActiveCfg = Debug|x64
		{570B409B-AAD7-487F-B7C0-3EE3D46CF17F}.Debug|x64.Build.0 = Debug|x64
		{570B409B-AAD7-487F-B7C0-3EE3D46CF17F}.Debug|x86.ActiveCfg = Debug|Win32
		{570B409B-AAD7-487F-B7C0-3EE3D46CF17F}.Debug|x86.Build.0 = Debug|Win32
		{570B409B-AAD7-487F-B7C0-3EE3D46CF17F}.Release|x64.ActiveCfg = Release|x64
		{570B409B-AAD7-487F-B7C0-3EE3D46CF17F}.Release|x64.Build.0 = Release|x64
		{570B409B-AAD7-487F-B7C0-3EE3D46CF17F}.Release|x86.ActiveCfg = Release|Win32
		{570B409B-AAD7-487F-B7C0-3EE3D46CF17F}.Release|x86.Build.0 = Release|Win32
		{CB5EC68B-4B3B-46F9-8944-F0E02D78FC9C}.Debug|x64.ActiveCfg = Debug|x64
		{CB5EC68B-4B3B-46F9-8944-F0E02D78FC9C}.Debug|x64.Build.0 = Debug|x64
		{CB5EC68B-4B3B-46F9-8944-F0E02D78FC9C}.Debug|x86.ActiveCfg = Debug|Win32
		{CB5EC68B-4B3B-46F9-8944-F0E02D78FC9C}.Debug|x86.Build.0 = Debug|Win32
		{CB5EC68B-4B3B-46F9-8944-F0E02D78FC9C}.Release|x64.ActiveCfg = Release|x64
		{CB5EC68B-4B3B-46F9-8944-F0E02D78FC9C}.Release|x64.Build.0 = Release|x64
		{CB5EC68B-4B3B-46F9-8944-F0E02D78FC9C}.Release|x86.ActiveCfg = Release|Win32
		{CB5EC68B-4B3B-46F9-8944-F0E02D78FC9C}.Release|x86.Build.0 = Release|Win32
		{6FCD8E52-B4F9-4745-9DEB-3E3B51D4DCDE}.Debug|x64.ActiveCfg = Debug|x64
		{6FCD8E52-B4F9-4745-9DEB-3E3B51D4DCDE}.Debug|x64.Build.0 = Debug|x64
		{6FCD8E52-B4F9-4745-9DEB-3E3B51D4DCDE}.Debug|x86.ActiveCfg = Debug|Win32
		{6FCD8E52-B4F9-4745-9DEB-3E3B51D4DCDE}.Debug|x86.Build.0 = Debug|Win32
		{6FCD8E52-B4F9-4745-9DEB-3E3B51D4DCDE}.Release|x64.ActiveCfg = Release|x64
		{6FCD8E52-B4F9-4745-9DEB-3E3B51D4DCDE}.Release|x64.Build.0 = Release|x64
		{6FCD8E52-B4F9-4745-9DEB-3E3B51D4DCDE}.Release|x86.ActiveCfg = Release|Win32
		{6FCD8E52-B4F9-4745-9DEB-3E3B51D4DCDE}.Release|x86.Build.0 = Release|Win32
		{40564367-DAF2-424D-9709-44CD4E0354EC}.Debug|x64.ActiveCfg = Debug|x64
		{40564367-DAF2-424D-9709-44CD4E0354EC}.Debug|x64.Build.0 = Debug|x64
		{40564367-DAF2-424D-9709-44CD4E0354EC}.Debug|x86.ActiveCfg = Debug|Win32
		{40564367-DAF2-424D-9709-44CD4E0354EC}.Debug|x86.Build.0 = Debug|Win32
		{40564367-DAF2-424D-9709-44CD4E0354EC}.Release|x64.ActiveCfg = Release|x64
		{40564367-DAF2-424D-9709-44CD4E0354EC}.Release|x64.Build.0 = Release|x64
		{40564367-DAF2-424D-9709-44CD4E0354EC}.Release|x86.ActiveCfg = Release|Win32
		{40564367-DAF2-424D-9709-44CD4E0354EC}.Release|x86.Build.0 = Release|Win32
		{E97F1F31-C18C-4525-B061-F589FC157BE9}.Debug|x64.ActiveCfg = Debug|x64
		{E97F1F31-C18C-4525-B061-F589FC157BE9}.Debug|x64.Build.0 = Debug|x64
		{E97F1F31-C18C-4525-B061-F589FC157BE9}.Debug|x86.ActiveCfg = Debug|Win32
		{E97F1F31-C18C-4525-B061-F589FC157BE9}.Debug|x86.Build.0 = Debug|Win32
		{E97F1F31-C18C-4525-B061-F589FC157BE9}.Release|x64.ActiveCfg = Release|x64
		{E97F1F31-C18C-4525-B061-F589FC157BE9}.Release|x64.Build.0 = Release|x64
		{E97F1F31-C18C-4525-B061-F589FC157BE9}.Release|x86.ActiveCfg = Release|Win32
		{E97F1F31-C18C-4525-B061-F589FC157BE9}.Release|x86.Build.0 = Release|Win32
		{2C4744D0-FD27-43EA-A80A-46C81C88E321}.Debug|x64.ActiveCfg = Debug|x64
		{2C4744D0-FD27-43EA-A80A-46C81C88E321}.Debug|x64.Build.0 = Debug|x64
		{2C4744D0-FD27-43EA-A80A-46C81C88E321}.Debug|x86.ActiveCfg = Debug|Win32
		{2C4744D0-FD27-43EA-A80A-46C81C88E321}.Debug|x86.Build.0 = Debug|Win32
		{2C4744D0-FD27-43EA-A80A-46C81C88E321}.Release|x64.ActiveCfg = Release|x64
		{2C4744D0-FD27-43EA-A80A-46C81C88E321}.Release|x64.Build.0 = Release|x64
		{2C4744D0-FD27-43EA-A80A-46C81C88E321}.Release|x86.ActiveCfg = Release|Win32
		{2C4744D0-FD27-43EA-A80A-46C81C88E321}.Release|x86.Build.0 = Release|Win32
		{A99D5E50-63DF-4674-B889-B0C54790909E}.Debug|x64.ActiveCfg = Debug|x64
		{A99D5E50-63DF-4674-B889-B0C54790909E}.Debug|x64.Build.0 = Debug|x64
		{A99D5E50-63DF-4674-B889-B0C54790909E}.Debug|x86.ActiveCfg = Debug|Win32
		{A99D5E50-63DF-4674-B889-B0C54790909E}.Debug|x86.Build.0 = Debug|Win32
		{A99D5E50-63DF-4674-B889-B0C54790909E}.Release|x64.ActiveCfg = Release|x64
		{A99D5E50-63DF-4674-B889-B0C54790909E}.Release|x64.Build.0 = Release|x64
		{A99D5E50-63DF-4674-B889-B0C54790909E}.Release|x86.ActiveCfg = Release|Win32
		{A99D5E50-63DF-4674-B889-B0C54790909E}.Release|x86.Build.0 = Release|Win32
		{381201CD-B330-46E8-B1F8-3681CFB2B35D}.Debug|x64.ActiveCfg = Debug|x64
		{381201CD-B330-46E8-B1F8-3681CFB2B35D}.Debug|x64.Build.0 = Debug|x64
		{381201CD-B330-46E8-B1F8-3681CFB2B35D}.Debug|x86.ActiveCfg = Debug|Win32
		{381201CD-B330-46E8-B1F8-3681CFB2B35D}.Debug|x86.Build.0 = Debug|Win32
		{381201CD-B330-46E8-B1F8-3681CFB2B35D}.Release|x64.ActiveCfg = Release|x64
		{381201CD-B330-46E8-B1F8-3681CFB2B35D}.Release|x64.Build.0 = Release|x64
		{381201CD-B330-46E8-B1F8-3681CFB2B35D}.Release|x86.ActiveCfg = Release|Win32
		{381201CD-B330-46E8-B1F8-3681CFB2B35D}.Release|x86.Build.0 = Release|Win32
		{FBBFF12B-0B45-4A4A-B1A2-E26BC8B64312}.Debug|x64.ActiveCfg = Debug|x64
		{FBBFF12B-0B45-4A4A-B1A2-E26BC8B64312}.Debug|x64.Build.0 = Debug|x64
		{FBBFF12B-0B45-4A4A-B1A2-E26BC8B64312}.Debug|x86.ActiveCfg = Debug|Win32
		{FBBFF12B-0B45-4A4A-B1A2-E26BC8B64312}.Debug|x86.Build.0 = Debug|Win32
		{FBBFF12B-0B45-4A4A-B1A2-E26BC8B64312}.Release|x64.ActiveCfg = Release|x64
		{FBBFF12B-0B45-4A4A-B1A2-E26BC8B64312}.Release|x64.Build.0 = Release|x64
		{FBBFF12B-0B45-4A4A-B1A2-E26BC8B64312}.Release|x86.ActiveCfg = Release|Win32
		{FBBFF12B-0B45-4A4A-B1A2-E26BC8B64312}.Release|x86.Build.0 = Release|Win32
		{EA78E66A-6633-42B1-A7A8-BA92357C6A77}.Debug|x64.ActiveCfg = Debug|x64
		{EA78E66A-6633-42B1-A7A8-BA92357C6A77}.Debug|x64.Build.0 = Debug|x64
		{EA78E66A-6633-42B1-A7A8-BA92357C6A77}.Debug|x86.ActiveCfg = Debug|Win32
		{EA78E66A-6633-42B1-A7A8-BA92357C6A77}.Debug|x86.Build.0 = Debug|Win32
		{EA78E66A-6633-42B1-A7A8-BA92357C6A77}.Release|x64.ActiveCfg = Release|x64
		{EA78E66A-6633-42B1-A7A8-BA92357C6A77}.Release|x64.Build.0 = Release|x64
		{EA78E66A-6633-42B1-A7A8-BA92357C6A77}.Release|x86.ActiveCfg = Release|Win32
		{EA78E66A-6633-42B1-A7A8-BA92357C6A77}.Release|x86.Build.0 = Release|Win32
		{71E46EF6-9021-4E65-9F6E-9F48BE00A426}.Debug|x64.ActiveCfg = Debug|x64
		{71E46EF6-9021-4E65-9F6E-9F48BE00A426}.Debug|x64.Build.0 = Debug|x64
		{71E46EF6-9021-4E65-9F6E-9F48BE00A426}.Debug|x86.ActiveCfg = Debug|Win32
		{71E46EF6-9021-4E65-9F6E-9F48BE00A426}.Debug|x86.Build.0 = Debug|Win32
		{71E46EF6-9021-4E65-9F6E-9F48BE00A426}.Release|x64.ActiveCfg = Release|x64
		{71E46EF6-9021-4E65-9F6E-9F48BE00A426}.Release|x64.Build.0 = Release|x64
		{71E46EF6-9021-4E65-9F6E-9F48BE00A426}.Release|x86.ActiveCfg = Release|Win32
		{71E46EF6-9021-4E65-9F6E-9F48BE00A426}.Release|x86.Build.0 = Release|Win32
		{77EDDF4A-D24E-47ED-BEEA-89796C72DB5D}.Debug|x64.ActiveCfg = Debug|x64
		{77EDDF4A-D24E-47ED-BEEA-89796C72DB5D}.Debug|x64.Build.0 = Debug|x64
		{77EDDF4A-D24E-47ED-BEEA-89796C72DB5D}.Debug|x86.ActiveCfg = Debug|Win32
		{77EDDF4A-D24E-47ED-BEEA-89796C72DB5D}.Debug|x86.Build.0 = Debug|Win32
		{77EDDF4A-D24E-47ED-BEEA-89796C72DB5D}.Release|x64.ActiveCfg = Release|x64
		{77EDDF4A-D24E-47ED-BEEA-89796C72DB5D}.Release|x64.Build.0 = Release|x64
		{77EDDF4A-D24E-47ED-BEEA-89796C72DB5D}.Release|x86.ActiveCfg = Release|Win32
		{77EDDF4A-D24E-47ED-BEEA-89796C72DB5D}.Release|x86.Build.0 = Release|Win32
		{7266895C-4483-4BE2-8433-30703E5EBF3A}.Debug|x64.ActiveCfg = Debug|x64
		{7266895C-4483-4BE2-8433-30703E5EBF3A}.Debug|x64.Build.0 = Debug|x64
		{7266895C-4483-4BE2-8433-30703E5EBF3A}.Debug|x86.ActiveCfg = Debug|Win32
		{7266895C-4483-4BE2-8433-30703E5EBF3A}.Debug|x86.Build.0 = Debug|Win32
		{7266895C-4483-4BE2-8433-30703E5EBF3A}.Release|x64.ActiveCfg = Release|x64
		{7266895C-4483-4BE2-8433-30703E5EBF3A}.Release|x64.Build.0 = Release|x64
		{7266895C-4483-4BE2-8433-30703E5EBF3A}.Release|x86.ActiveCfg = Release|Win32
		{7266895C-4483-4BE2-8433-30703E5EBF3A}.Release|x86.Build.0 = Release|Win32
		{56286601-F808-488C-A8C6-1095A52B7379}.Debug|x64.ActiveCfg = Debug|x64
		{56286601-F808-488C-A8C6-1095A52B7379}.Debug|x64.Build.0 = Debug|x64
		{56286601-F808-488C-A8C6-1095A52B7379}.Debug|x86.ActiveCfg = Debug|Win32
		{56286601-F808-488C-A8C6-1095A52B7379}.Debug|x86.Build.0 = Debug|Win32
		{56286601-F808-488C-A8C6-1095A52B7379}.Release|x64.ActiveCfg = Release|x64
		{56286601-F808-488C-A8C6-1095A52B7379}.Release|x64.Build.0 = Release|x64
		{56286601-F808-488C-A8C6-1095A52B7379}.Release|x86.ActiveCfg = Release|Win32
		{56286601-F808-488C-A8C6-1095A52B7379}.Release|x86.Build.0 = Release|Win32
		{E69BD89C-BA55-4A9F-A890-1D90CD2AAF67}.Debug|x64.ActiveCfg = Debug|x64
		{E69BD89C-BA55-4A9F-A890-1D90CD2AAF67}.Debug|x64.Build.0 = Debug|x64
		{E69BD89C-BA55-4A9F-A890-1D90CD2AAF67}.Debug|x86.ActiveCfg = Debug|Win32
		{E69BD89C-BA55-4A9F-A890-1D90CD2AAF67}.Debug|x86.Build.0 = Debug|Win32
		{E69BD89C-BA55-4A9F-A890-1D90CD2AAF67}.Release|x64.ActiveCfg = Release|x64
		{E69BD89C-BA55-4A9F-A890-1D90CD2AAF67}.Release|x64.Build.0 = Release|x64
		{E69BD89C-BA55-4A9F-A890-1D90CD2AAF67}.Release|x86.ActiveCfg = Release|Win32
		{E69BD89C-BA55-4A9F-A890-1D90CD2AAF67}.Release|x86.Build.0 = Release|Win32
		{52116B23-D731-45A6-A116-A2260158BDDF}.Debug|x64.ActiveCfg = Debug|x64
		{52116B23-D731-45A6-A116-A2260158BDDF}.Debug|x64.Build.0 = Debug|x64
		{52116B23-D731-45A6-A116-A2260158BDDF}.Debug|x86.ActiveCfg = Debug|Win32
		{52116B23-D731-45A6-A116-A2260158BDDF}.Debug|x86.Build.0 = Debug|Win32
		{52116B23-D731-45A6-A116-A2260158BDDF}.Release|x64.ActiveCfg = Release|x64
		{52116B23-D731-45A6-A116-A2260158BDDF}.Release|x64.Build.0 = Release|x64
		{52116B23-D731-45A6-A116-A2260158BDDF}.Release|x86.ActiveCfg = Release|Win32
		{52116B23-D731-45A6-A116-A2260158BDDF}.Release|x86.Build.0 = Release|Win32
	EndGlobalSection
	GlobalSection(SolutionProperties) = preSolution
		HideSolutionNode = FALSE
	EndGlobalSection
	GlobalSection(ExtensibilityGlobals) = postSolution
		SolutionGuid = {13FAF6C7-7247-43DF-A715-8DBFD3191F7A}
	EndGlobalSection
EndGlobal
