
Microsoft Visual Studio Solution File, Format Version 12.00
# Visual Studio Version 17
VisualStudioVersion = 17.7.34031.279
MinimumVisualStudioVersion = 10.0.40219.1
Project("{8BC9CEB8-8B4A-11D0-8D11-00A0C91BC942}") = "11", "11.vcxproj", "{2F2F5711-F0B1-4FBF-A211-8EB7C4227125}"
EndProject
Project("{8BC9CEB8-8B4A-11D0-8D11-00A0C91BC942}") = "osnovn2", "..\osnovn2\osnovn2.vcxproj", "{5576D5BD-E2AB-431C-9F35-EAFA02A8152C}"
EndProject
Project("{8BC9CEB8-8B4A-11D0-8D11-00A0C91BC942}") = "dop11", "..\dop2\dop2.vcxproj", "{C3BE0D99-66DC-4A7E-B24C-59E81C67C22E}"
EndProject
Project("{8BC9CEB8-8B4A-11D0-8D11-00A0C91BC942}") = "dop11(2)", "..\dop11(2)\dop11(2).vcxproj", "{4E5CE827-3BCB-48E0-BA3D-D1BDB91AA948}"
EndProject
Project("{8BC9CEB8-8B4A-11D0-8D11-00A0C91BC942}") = "16", "..\16\16.vcxproj", "{7DCC5028-0226-46BF-B2ED-56F0B645C877}"
EndProject
Project("{8BC9CEB8-8B4A-11D0-8D11-00A0C91BC942}") = "16_2", "..\16_2\16_2.vcxproj", "{DF5D0DEF-9DB5-42D0-8128-06134E91B94D}"
EndProject
Project("{8BC9CEB8-8B4A-11D0-8D11-00A0C91BC942}") = "15dop", "..\15dop\15dop.vcxproj", "{38E29AFB-32A1-4E43-828F-6EA75DC97CA6}"
EndProject
Project("{8BC9CEB8-8B4A-11D0-8D11-00A0C91BC942}") = "dop15_2", "..\dop15_2\dop15_2.vcxproj", "{DF2AD86D-5E8B-433B-B341-7221D8152503}"
EndProject
Project("{8BC9CEB8-8B4A-11D0-8D11-00A0C91BC942}") = "dop4", "..\dop4\dop4.vcxproj", "{C7B36A2E-ED4F-411F-8A50-C2D02FEAFF83}"
EndProject
Project("{8BC9CEB8-8B4A-11D0-8D11-00A0C91BC942}") = "dop4_1", "..\dop4_1\dop4_1.vcxproj", "{3A5D69AF-9DDE-425B-98BA-BAA9B596F525}"
EndProject
Global
	GlobalSection(SolutionConfigurationPlatforms) = preSolution
		Debug|x64 = Debug|x64
		Debug|x86 = Debug|x86
		Release|x64 = Release|x64
		Release|x86 = Release|x86
	EndGlobalSection
	GlobalSection(ProjectConfigurationPlatforms) = postSolution
		{2F2F5711-F0B1-4FBF-A211-8EB7C4227125}.Debug|x64.ActiveCfg = Debug|x64
		{2F2F5711-F0B1-4FBF-A211-8EB7C4227125}.Debug|x64.Build.0 = Debug|x64
		{2F2F5711-F0B1-4FBF-A211-8EB7C4227125}.Debug|x86.ActiveCfg = Debug|Win32
		{2F2F5711-F0B1-4FBF-A211-8EB7C4227125}.Debug|x86.Build.0 = Debug|Win32
		{2F2F5711-F0B1-4FBF-A211-8EB7C4227125}.Release|x64.ActiveCfg = Release|x64
		{2F2F5711-F0B1-4FBF-A211-8EB7C4227125}.Release|x64.Build.0 = Release|x64
		{2F2F5711-F0B1-4FBF-A211-8EB7C4227125}.Release|x86.ActiveCfg = Release|Win32
		{2F2F5711-F0B1-4FBF-A211-8EB7C4227125}.Release|x86.Build.0 = Release|Win32
		{5576D5BD-E2AB-431C-9F35-EAFA02A8152C}.Debug|x64.ActiveCfg = Debug|x64
		{5576D5BD-E2AB-431C-9F35-EAFA02A8152C}.Debug|x64.Build.0 = Debug|x64
		{5576D5BD-E2AB-431C-9F35-EAFA02A8152C}.Debug|x86.ActiveCfg = Debug|Win32
		{5576D5BD-E2AB-431C-9F35-EAFA02A8152C}.Debug|x86.Build.0 = Debug|Win32
		{5576D5BD-E2AB-431C-9F35-EAFA02A8152C}.Release|x64.ActiveCfg = Release|x64
		{5576D5BD-E2AB-431C-9F35-EAFA02A8152C}.Release|x64.Build.0 = Release|x64
		{5576D5BD-E2AB-431C-9F35-EAFA02A8152C}.Release|x86.ActiveCfg = Release|Win32
		{5576D5BD-E2AB-431C-9F35-EAFA02A8152C}.Release|x86.Build.0 = Release|Win32
		{C3BE0D99-66DC-4A7E-B24C-59E81C67C22E}.Debug|x64.ActiveCfg = Debug|x64
		{C3BE0D99-66DC-4A7E-B24C-59E81C67C22E}.Debug|x64.Build.0 = Debug|x64
		{C3BE0D99-66DC-4A7E-B24C-59E81C67C22E}.Debug|x86.ActiveCfg = Debug|Win32
		{C3BE0D99-66DC-4A7E-B24C-59E81C67C22E}.Debug|x86.Build.0 = Debug|Win32
		{C3BE0D99-66DC-4A7E-B24C-59E81C67C22E}.Release|x64.ActiveCfg = Release|x64
		{C3BE0D99-66DC-4A7E-B24C-59E81C67C22E}.Release|x64.Build.0 = Release|x64
		{C3BE0D99-66DC-4A7E-B24C-59E81C67C22E}.Release|x86.ActiveCfg = Release|Win32
		{C3BE0D99-66DC-4A7E-B24C-59E81C67C22E}.Release|x86.Build.0 = Release|Win32
		{4E5CE827-3BCB-48E0-BA3D-D1BDB91AA948}.Debug|x64.ActiveCfg = Debug|x64
		{4E5CE827-3BCB-48E0-BA3D-D1BDB91AA948}.Debug|x64.Build.0 = Debug|x64
		{4E5CE827-3BCB-48E0-BA3D-D1BDB91AA948}.Debug|x86.ActiveCfg = Debug|Win32
		{4E5CE827-3BCB-48E0-BA3D-D1BDB91AA948}.Debug|x86.Build.0 = Debug|Win32
		{4E5CE827-3BCB-48E0-BA3D-D1BDB91AA948}.Release|x64.ActiveCfg = Release|x64
		{4E5CE827-3BCB-48E0-BA3D-D1BDB91AA948}.Release|x64.Build.0 = Release|x64
		{4E5CE827-3BCB-48E0-BA3D-D1BDB91AA948}.Release|x86.ActiveCfg = Release|Win32
		{4E5CE827-3BCB-48E0-BA3D-D1BDB91AA948}.Release|x86.Build.0 = Release|Win32
		{7DCC5028-0226-46BF-B2ED-56F0B645C877}.Debug|x64.ActiveCfg = Debug|x64
		{7DCC5028-0226-46BF-B2ED-56F0B645C877}.Debug|x64.Build.0 = Debug|x64
		{7DCC5028-0226-46BF-B2ED-56F0B645C877}.Debug|x86.ActiveCfg = Debug|Win32
		{7DCC5028-0226-46BF-B2ED-56F0B645C877}.Debug|x86.Build.0 = Debug|Win32
		{7DCC5028-0226-46BF-B2ED-56F0B645C877}.Release|x64.ActiveCfg = Release|x64
		{7DCC5028-0226-46BF-B2ED-56F0B645C877}.Release|x64.Build.0 = Release|x64
		{7DCC5028-0226-46BF-B2ED-56F0B645C877}.Release|x86.ActiveCfg = Release|Win32
		{7DCC5028-0226-46BF-B2ED-56F0B645C877}.Release|x86.Build.0 = Release|Win32
		{DF5D0DEF-9DB5-42D0-8128-06134E91B94D}.Debug|x64.ActiveCfg = Debug|x64
		{DF5D0DEF-9DB5-42D0-8128-06134E91B94D}.Debug|x64.Build.0 = Debug|x64
		{DF5D0DEF-9DB5-42D0-8128-06134E91B94D}.Debug|x86.ActiveCfg = Debug|Win32
		{DF5D0DEF-9DB5-42D0-8128-06134E91B94D}.Debug|x86.Build.0 = Debug|Win32
		{DF5D0DEF-9DB5-42D0-8128-06134E91B94D}.Release|x64.ActiveCfg = Release|x64
		{DF5D0DEF-9DB5-42D0-8128-06134E91B94D}.Release|x64.Build.0 = Release|x64
		{DF5D0DEF-9DB5-42D0-8128-06134E91B94D}.Release|x86.ActiveCfg = Release|Win32
		{DF5D0DEF-9DB5-42D0-8128-06134E91B94D}.Release|x86.Build.0 = Release|Win32
		{38E29AFB-32A1-4E43-828F-6EA75DC97CA6}.Debug|x64.ActiveCfg = Debug|x64
		{38E29AFB-32A1-4E43-828F-6EA75DC97CA6}.Debug|x64.Build.0 = Debug|x64
		{38E29AFB-32A1-4E43-828F-6EA75DC97CA6}.Debug|x86.ActiveCfg = Debug|Win32
		{38E29AFB-32A1-4E43-828F-6EA75DC97CA6}.Debug|x86.Build.0 = Debug|Win32
		{38E29AFB-32A1-4E43-828F-6EA75DC97CA6}.Release|x64.ActiveCfg = Release|x64
		{38E29AFB-32A1-4E43-828F-6EA75DC97CA6}.Release|x64.Build.0 = Release|x64
		{38E29AFB-32A1-4E43-828F-6EA75DC97CA6}.Release|x86.ActiveCfg = Release|Win32
		{38E29AFB-32A1-4E43-828F-6EA75DC97CA6}.Release|x86.Build.0 = Release|Win32
		{DF2AD86D-5E8B-433B-B341-7221D8152503}.Debug|x64.ActiveCfg = Debug|x64
		{DF2AD86D-5E8B-433B-B341-7221D8152503}.Debug|x64.Build.0 = Debug|x64
		{DF2AD86D-5E8B-433B-B341-7221D8152503}.Debug|x86.ActiveCfg = Debug|Win32
		{DF2AD86D-5E8B-433B-B341-7221D8152503}.Debug|x86.Build.0 = Debug|Win32
		{DF2AD86D-5E8B-433B-B341-7221D8152503}.Release|x64.ActiveCfg = Release|x64
		{DF2AD86D-5E8B-433B-B341-7221D8152503}.Release|x64.Build.0 = Release|x64
		{DF2AD86D-5E8B-433B-B341-7221D8152503}.Release|x86.ActiveCfg = Release|Win32
		{DF2AD86D-5E8B-433B-B341-7221D8152503}.Release|x86.Build.0 = Release|Win32
		{C7B36A2E-ED4F-411F-8A50-C2D02FEAFF83}.Debug|x64.ActiveCfg = Debug|x64
		{C7B36A2E-ED4F-411F-8A50-C2D02FEAFF83}.Debug|x64.Build.0 = Debug|x64
		{C7B36A2E-ED4F-411F-8A50-C2D02FEAFF83}.Debug|x86.ActiveCfg = Debug|Win32
		{C7B36A2E-ED4F-411F-8A50-C2D02FEAFF83}.Debug|x86.Build.0 = Debug|Win32
		{C7B36A2E-ED4F-411F-8A50-C2D02FEAFF83}.Release|x64.ActiveCfg = Release|x64
		{C7B36A2E-ED4F-411F-8A50-C2D02FEAFF83}.Release|x64.Build.0 = Release|x64
		{C7B36A2E-ED4F-411F-8A50-C2D02FEAFF83}.Release|x86.ActiveCfg = Release|Win32
		{C7B36A2E-ED4F-411F-8A50-C2D02FEAFF83}.Release|x86.Build.0 = Release|Win32
		{3A5D69AF-9DDE-425B-98BA-BAA9B596F525}.Debug|x64.ActiveCfg = Debug|x64
		{3A5D69AF-9DDE-425B-98BA-BAA9B596F525}.Debug|x64.Build.0 = Debug|x64
		{3A5D69AF-9DDE-425B-98BA-BAA9B596F525}.Debug|x86.ActiveCfg = Debug|Win32
		{3A5D69AF-9DDE-425B-98BA-BAA9B596F525}.Debug|x86.Build.0 = Debug|Win32
		{3A5D69AF-9DDE-425B-98BA-BAA9B596F525}.Release|x64.ActiveCfg = Release|x64
		{3A5D69AF-9DDE-425B-98BA-BAA9B596F525}.Release|x64.Build.0 = Release|x64
		{3A5D69AF-9DDE-425B-98BA-BAA9B596F525}.Release|x86.ActiveCfg = Release|Win32
		{3A5D69AF-9DDE-425B-98BA-BAA9B596F525}.Release|x86.Build.0 = Release|Win32
	EndGlobalSection
	GlobalSection(SolutionProperties) = preSolution
		HideSolutionNode = FALSE
	EndGlobalSection
	GlobalSection(ExtensibilityGlobals) = postSolution
		SolutionGuid = {BD4DBF62-992A-404E-A71C-F0AD2DA5C14C}
	EndGlobalSection
EndGlobal
