
Microsoft Visual Studio Solution File, Format Version 12.00
# Visual Studio Version 17
VisualStudioVersion = 17.7.34031.279
MinimumVisualStudioVersion = 10.0.40219.1
Project("{8BC9CEB8-8B4A-11D0-8D11-00A0C91BC942}") = "Семёнов 2", "Семёнов 2\Семёнов 2.vcxproj", "{9F156711-55DE-4AF9-BBFB-771A0D386C03}"
EndProject
Global
	GlobalSection(SolutionConfigurationPlatforms) = preSolution
		Debug|x64 = Debug|x64
		Debug|x86 = Debug|x86
		Release|x64 = Release|x64
		Release|x86 = Release|x86
	EndGlobalSection
	GlobalSection(ProjectConfigurationPlatforms) = postSolution
		{9F156711-55DE-4AF9-BBFB-771A0D386C03}.Debug|x64.ActiveCfg = Debug|x64
		{9F156711-55DE-4AF9-BBFB-771A0D386C03}.Debug|x64.Build.0 = Debug|x64
		{9F156711-55DE-4AF9-BBFB-771A0D386C03}.Debug|x86.ActiveCfg = Debug|Win32
		{9F156711-55DE-4AF9-BBFB-771A0D386C03}.Debug|x86.Build.0 = Debug|Win32
		{9F156711-55DE-4AF9-BBFB-771A0D386C03}.Release|x64.ActiveCfg = Release|x64
		{9F156711-55DE-4AF9-BBFB-771A0D386C03}.Release|x64.Build.0 = Release|x64
		{9F156711-55DE-4AF9-BBFB-771A0D386C03}.Release|x86.ActiveCfg = Release|Win32
		{9F156711-55DE-4AF9-BBFB-771A0D386C03}.Release|x86.Build.0 = Release|Win32
	EndGlobalSection
	GlobalSection(SolutionProperties) = preSolution
		HideSolutionNode = FALSE
	EndGlobalSection
	GlobalSection(ExtensibilityGlobals) = postSolution
		SolutionGuid = {8B11A7B8-3F29-4561-B47D-0F4037EB1FB9}
	EndGlobalSection
EndGlobal
