
Microsoft Visual Studio Solution File, Format Version 12.00
# Visual Studio Version 17
VisualStudioVersion = 17.7.34031.279
MinimumVisualStudioVersion = 10.0.40219.1
Project("{8BC9CEB8-8B4A-11D0-8D11-00A0C91BC942}") = "osnovn", "osnovn.vcxproj", "{1419C130-5959-4254-B2EA-84E3D866FEC4}"
EndProject
Project("{8BC9CEB8-8B4A-11D0-8D11-00A0C91BC942}") = "osnovn2", "..\osnovn2\osnovn2.vcxproj", "{E0813EFD-72F3-4C80-B35C-F8871F8D5D1E}"
EndProject
Project("{8BC9CEB8-8B4A-11D0-8D11-00A0C91BC942}") = "dop14", "..\dop14\dop14.vcxproj", "{E8909172-35C8-4ADE-BBA4-E5A8B5AE5617}"
EndProject
Project("{8BC9CEB8-8B4A-11D0-8D11-00A0C91BC942}") = "dop14_2", "..\dop14_2\dop14_2.vcxproj", "{2D37AB46-522A-4FF8-99EA-33C7C6BC668E}"
EndProject
Project("{8BC9CEB8-8B4A-11D0-8D11-00A0C91BC942}") = "dop12", "..\dop12\dop12.vcxproj", "{1FE14F45-4E3A-4602-A260-8E0C31489B9B}"
EndProject
Project("{8BC9CEB8-8B4A-11D0-8D11-00A0C91BC942}") = "dop12_2", "..\dop12_2\dop12_2.vcxproj", "{B9E009C3-6DDA-4840-A2EB-598288ED104A}"
EndProject
Project("{8BC9CEB8-8B4A-11D0-8D11-00A0C91BC942}") = "osnovn2+", "..\dop12_2+\dop12_2+.vcxproj", "{3E8127CA-60F4-4021-B944-E8414EB6799F}"
EndProject
Project("{8BC9CEB8-8B4A-11D0-8D11-00A0C91BC942}") = "dop3", "..\dop3\dop3.vcxproj", "{1549B4DC-1D35-4885-87C4-7EC29EF11319}"
EndProject
Project("{8BC9CEB8-8B4A-11D0-8D11-00A0C91BC942}") = "dop3_2", "..\dop3_2\dop3_2.vcxproj", "{60DAD75B-56BA-4F50-84A0-3DD2721D39DD}"
EndProject
Project("{8BC9CEB8-8B4A-11D0-8D11-00A0C91BC942}") = "dop7_2", "..\Project1\Project1.vcxproj", "{C4F9D055-49DA-4940-8FA8-3BBEAA60B5A2}"
EndProject
Project("{8BC9CEB8-8B4A-11D0-8D11-00A0C91BC942}") = "dop7", "..\dop7\dop7.vcxproj", "{79A72188-796F-4A42-A928-3FA8F3A1C914}"
EndProject
Global
	GlobalSection(SolutionConfigurationPlatforms) = preSolution
		Debug|x64 = Debug|x64
		Debug|x86 = Debug|x86
		Release|x64 = Release|x64
		Release|x86 = Release|x86
	EndGlobalSection
	GlobalSection(ProjectConfigurationPlatforms) = postSolution
		{1419C130-5959-4254-B2EA-84E3D866FEC4}.Debug|x64.ActiveCfg = Debug|x64
		{1419C130-5959-4254-B2EA-84E3D866FEC4}.Debug|x64.Build.0 = Debug|x64
		{1419C130-5959-4254-B2EA-84E3D866FEC4}.Debug|x86.ActiveCfg = Debug|Win32
		{1419C130-5959-4254-B2EA-84E3D866FEC4}.Debug|x86.Build.0 = Debug|Win32
		{1419C130-5959-4254-B2EA-84E3D866FEC4}.Release|x64.ActiveCfg = Release|x64
		{1419C130-5959-4254-B2EA-84E3D866FEC4}.Release|x64.Build.0 = Release|x64
		{1419C130-5959-4254-B2EA-84E3D866FEC4}.Release|x86.ActiveCfg = Release|Win32
		{1419C130-5959-4254-B2EA-84E3D866FEC4}.Release|x86.Build.0 = Release|Win32
		{E0813EFD-72F3-4C80-B35C-F8871F8D5D1E}.Debug|x64.ActiveCfg = Debug|x64
		{E0813EFD-72F3-4C80-B35C-F8871F8D5D1E}.Debug|x64.Build.0 = Debug|x64
		{E0813EFD-72F3-4C80-B35C-F8871F8D5D1E}.Debug|x86.ActiveCfg = Debug|Win32
		{E0813EFD-72F3-4C80-B35C-F8871F8D5D1E}.Debug|x86.Build.0 = Debug|Win32
		{E0813EFD-72F3-4C80-B35C-F8871F8D5D1E}.Release|x64.ActiveCfg = Release|x64
		{E0813EFD-72F3-4C80-B35C-F8871F8D5D1E}.Release|x64.Build.0 = Release|x64
		{E0813EFD-72F3-4C80-B35C-F8871F8D5D1E}.Release|x86.ActiveCfg = Release|Win32
		{E0813EFD-72F3-4C80-B35C-F8871F8D5D1E}.Release|x86.Build.0 = Release|Win32
		{E8909172-35C8-4ADE-BBA4-E5A8B5AE5617}.Debug|x64.ActiveCfg = Debug|x64
		{E8909172-35C8-4ADE-BBA4-E5A8B5AE5617}.Debug|x64.Build.0 = Debug|x64
		{E8909172-35C8-4ADE-BBA4-E5A8B5AE5617}.Debug|x86.ActiveCfg = Debug|Win32
		{E8909172-35C8-4ADE-BBA4-E5A8B5AE5617}.Debug|x86.Build.0 = Debug|Win32
		{E8909172-35C8-4ADE-BBA4-E5A8B5AE5617}.Release|x64.ActiveCfg = Release|x64
		{E8909172-35C8-4ADE-BBA4-E5A8B5AE5617}.Release|x64.Build.0 = Release|x64
		{E8909172-35C8-4ADE-BBA4-E5A8B5AE5617}.Release|x86.ActiveCfg = Release|Win32
		{E8909172-35C8-4ADE-BBA4-E5A8B5AE5617}.Release|x86.Build.0 = Release|Win32
		{2D37AB46-522A-4FF8-99EA-33C7C6BC668E}.Debug|x64.ActiveCfg = Debug|x64
		{2D37AB46-522A-4FF8-99EA-33C7C6BC668E}.Debug|x64.Build.0 = Debug|x64
		{2D37AB46-522A-4FF8-99EA-33C7C6BC668E}.Debug|x86.ActiveCfg = Debug|Win32
		{2D37AB46-522A-4FF8-99EA-33C7C6BC668E}.Debug|x86.Build.0 = Debug|Win32
		{2D37AB46-522A-4FF8-99EA-33C7C6BC668E}.Release|x64.ActiveCfg = Release|x64
		{2D37AB46-522A-4FF8-99EA-33C7C6BC668E}.Release|x64.Build.0 = Release|x64
		{2D37AB46-522A-4FF8-99EA-33C7C6BC668E}.Release|x86.ActiveCfg = Release|Win32
		{2D37AB46-522A-4FF8-99EA-33C7C6BC668E}.Release|x86.Build.0 = Release|Win32
		{1FE14F45-4E3A-4602-A260-8E0C31489B9B}.Debug|x64.ActiveCfg = Debug|x64
		{1FE14F45-4E3A-4602-A260-8E0C31489B9B}.Debug|x64.Build.0 = Debug|x64
		{1FE14F45-4E3A-4602-A260-8E0C31489B9B}.Debug|x86.ActiveCfg = Debug|Win32
		{1FE14F45-4E3A-4602-A260-8E0C31489B9B}.Debug|x86.Build.0 = Debug|Win32
		{1FE14F45-4E3A-4602-A260-8E0C31489B9B}.Release|x64.ActiveCfg = Release|x64
		{1FE14F45-4E3A-4602-A260-8E0C31489B9B}.Release|x64.Build.0 = Release|x64
		{1FE14F45-4E3A-4602-A260-8E0C31489B9B}.Release|x86.ActiveCfg = Release|Win32
		{1FE14F45-4E3A-4602-A260-8E0C31489B9B}.Release|x86.Build.0 = Release|Win32
		{B9E009C3-6DDA-4840-A2EB-598288ED104A}.Debug|x64.ActiveCfg = Debug|x64
		{B9E009C3-6DDA-4840-A2EB-598288ED104A}.Debug|x64.Build.0 = Debug|x64
		{B9E009C3-6DDA-4840-A2EB-598288ED104A}.Debug|x86.ActiveCfg = Debug|Win32
		{B9E009C3-6DDA-4840-A2EB-598288ED104A}.Debug|x86.Build.0 = Debug|Win32
		{B9E009C3-6DDA-4840-A2EB-598288ED104A}.Release|x64.ActiveCfg = Release|x64
		{B9E009C3-6DDA-4840-A2EB-598288ED104A}.Release|x64.Build.0 = Release|x64
		{B9E009C3-6DDA-4840-A2EB-598288ED104A}.Release|x86.ActiveCfg = Release|Win32
		{B9E009C3-6DDA-4840-A2EB-598288ED104A}.Release|x86.Build.0 = Release|Win32
		{3E8127CA-60F4-4021-B944-E8414EB6799F}.Debug|x64.ActiveCfg = Debug|x64
		{3E8127CA-60F4-4021-B944-E8414EB6799F}.Debug|x64.Build.0 = Debug|x64
		{3E8127CA-60F4-4021-B944-E8414EB6799F}.Debug|x86.ActiveCfg = Debug|Win32
		{3E8127CA-60F4-4021-B944-E8414EB6799F}.Debug|x86.Build.0 = Debug|Win32
		{3E8127CA-60F4-4021-B944-E8414EB6799F}.Release|x64.ActiveCfg = Release|x64
		{3E8127CA-60F4-4021-B944-E8414EB6799F}.Release|x64.Build.0 = Release|x64
		{3E8127CA-60F4-4021-B944-E8414EB6799F}.Release|x86.ActiveCfg = Release|Win32
		{3E8127CA-60F4-4021-B944-E8414EB6799F}.Release|x86.Build.0 = Release|Win32
		{1549B4DC-1D35-4885-87C4-7EC29EF11319}.Debug|x64.ActiveCfg = Debug|x64
		{1549B4DC-1D35-4885-87C4-7EC29EF11319}.Debug|x64.Build.0 = Debug|x64
		{1549B4DC-1D35-4885-87C4-7EC29EF11319}.Debug|x86.ActiveCfg = Debug|Win32
		{1549B4DC-1D35-4885-87C4-7EC29EF11319}.Debug|x86.Build.0 = Debug|Win32
		{1549B4DC-1D35-4885-87C4-7EC29EF11319}.Release|x64.ActiveCfg = Release|x64
		{1549B4DC-1D35-4885-87C4-7EC29EF11319}.Release|x64.Build.0 = Release|x64
		{1549B4DC-1D35-4885-87C4-7EC29EF11319}.Release|x86.ActiveCfg = Release|Win32
		{1549B4DC-1D35-4885-87C4-7EC29EF11319}.Release|x86.Build.0 = Release|Win32
		{60DAD75B-56BA-4F50-84A0-3DD2721D39DD}.Debug|x64.ActiveCfg = Debug|x64
		{60DAD75B-56BA-4F50-84A0-3DD2721D39DD}.Debug|x64.Build.0 = Debug|x64
		{60DAD75B-56BA-4F50-84A0-3DD2721D39DD}.Debug|x86.ActiveCfg = Debug|Win32
		{60DAD75B-56BA-4F50-84A0-3DD2721D39DD}.Debug|x86.Build.0 = Debug|Win32
		{60DAD75B-56BA-4F50-84A0-3DD2721D39DD}.Release|x64.ActiveCfg = Release|x64
		{60DAD75B-56BA-4F50-84A0-3DD2721D39DD}.Release|x64.Build.0 = Release|x64
		{60DAD75B-56BA-4F50-84A0-3DD2721D39DD}.Release|x86.ActiveCfg = Release|Win32
		{60DAD75B-56BA-4F50-84A0-3DD2721D39DD}.Release|x86.Build.0 = Release|Win32
		{C4F9D055-49DA-4940-8FA8-3BBEAA60B5A2}.Debug|x64.ActiveCfg = Debug|x64
		{C4F9D055-49DA-4940-8FA8-3BBEAA60B5A2}.Debug|x64.Build.0 = Debug|x64
		{C4F9D055-49DA-4940-8FA8-3BBEAA60B5A2}.Debug|x86.ActiveCfg = Debug|Win32
		{C4F9D055-49DA-4940-8FA8-3BBEAA60B5A2}.Debug|x86.Build.0 = Debug|Win32
		{C4F9D055-49DA-4940-8FA8-3BBEAA60B5A2}.Release|x64.ActiveCfg = Release|x64
		{C4F9D055-49DA-4940-8FA8-3BBEAA60B5A2}.Release|x64.Build.0 = Release|x64
		{C4F9D055-49DA-4940-8FA8-3BBEAA60B5A2}.Release|x86.ActiveCfg = Release|Win32
		{C4F9D055-49DA-4940-8FA8-3BBEAA60B5A2}.Release|x86.Build.0 = Release|Win32
		{79A72188-796F-4A42-A928-3FA8F3A1C914}.Debug|x64.ActiveCfg = Debug|x64
		{79A72188-796F-4A42-A928-3FA8F3A1C914}.Debug|x64.Build.0 = Debug|x64
		{79A72188-796F-4A42-A928-3FA8F3A1C914}.Debug|x86.ActiveCfg = Debug|Win32
		{79A72188-796F-4A42-A928-3FA8F3A1C914}.Debug|x86.Build.0 = Debug|Win32
		{79A72188-796F-4A42-A928-3FA8F3A1C914}.Release|x64.ActiveCfg = Release|x64
		{79A72188-796F-4A42-A928-3FA8F3A1C914}.Release|x64.Build.0 = Release|x64
		{79A72188-796F-4A42-A928-3FA8F3A1C914}.Release|x86.ActiveCfg = Release|Win32
		{79A72188-796F-4A42-A928-3FA8F3A1C914}.Release|x86.Build.0 = Release|Win32
	EndGlobalSection
	GlobalSection(SolutionProperties) = preSolution
		HideSolutionNode = FALSE
	EndGlobalSection
	GlobalSection(ExtensibilityGlobals) = postSolution
		SolutionGuid = {94ED0003-E110-4057-9F8A-6A757B9B41A3}
	EndGlobalSection
EndGlobal
