
Microsoft Visual Studio Solution File, Format Version 12.00
# Visual Studio Version 17
VisualStudioVersion = 17.7.34031.279
MinimumVisualStudioVersion = 10.0.40219.1
Project("{8BC9CEB8-8B4A-11D0-8D11-00A0C91BC942}") = "9", "9\9.vcxproj", "{87DD3958-4546-41C4-B96C-61C58B1DBA40}"
EndProject
Project("{8BC9CEB8-8B4A-11D0-8D11-00A0C91BC942}") = "osnovn1_2", "osnovn1_2\osnovn1_2.vcxproj", "{E78BD1D0-2F17-4947-A683-82B9AA89DD5E}"
EndProject
Project("{8BC9CEB8-8B4A-11D0-8D11-00A0C91BC942}") = "osnovn1_3", "osnovn_3\osnovn_3.vcxproj", "{AA3C4DC3-07BF-4BF1-9BBD-70EAE6197D81}"
EndProject
Project("{8BC9CEB8-8B4A-11D0-8D11-00A0C91BC942}") = "dop3", "dop1\dop1.vcxproj", "{88A635E0-4CE5-48BC-A8B7-F2CF4C74D37A}"
EndProject
Project("{8BC9CEB8-8B4A-11D0-8D11-00A0C91BC942}") = "dop3_2", "dop1_2\dop1_2.vcxproj", "{E634DCD1-19E9-47AC-9558-719F076B3A0C}"
EndProject
Project("{8BC9CEB8-8B4A-11D0-8D11-00A0C91BC942}") = "dop3_3", "dop3_3\dop3_3.vcxproj", "{06DBAEA9-292C-430C-96B8-98DAD81891FE}"
EndProject
Project("{8BC9CEB8-8B4A-11D0-8D11-00A0C91BC942}") = "dop5", "dop5\dop5.vcxproj", "{B0F36B44-2C0E-4CC6-8B7D-11B768A20D2D}"
EndProject
Project("{8BC9CEB8-8B4A-11D0-8D11-00A0C91BC942}") = "dop5_2", "dop5_2\dop5_2.vcxproj", "{96F625E5-BFD1-4847-84A4-5784E7763BC8}"
EndProject
Project("{8BC9CEB8-8B4A-11D0-8D11-00A0C91BC942}") = "dop5_3", "dop5_3\dop5_3.vcxproj", "{38617458-28F9-4F32-BCFF-EF80442125A2}"
EndProject
Project("{8BC9CEB8-8B4A-11D0-8D11-00A0C91BC942}") = "dop7", "dop7\dop7.vcxproj", "{F2DF470C-0493-43AF-AF56-1A543054A069}"
EndProject
Project("{8BC9CEB8-8B4A-11D0-8D11-00A0C91BC942}") = "dop7_2", "dop7_2\dop7_2.vcxproj", "{E28270D0-EF35-4D41-A20E-7C17585B8ED2}"
EndProject
Project("{8BC9CEB8-8B4A-11D0-8D11-00A0C91BC942}") = "dop7_3", "dop7_3\dop7_3.vcxproj", "{4A23E5E1-047A-4456-B553-22B152D2D0D1}"
EndProject
Global
	GlobalSection(SolutionConfigurationPlatforms) = preSolution
		Debug|x64 = Debug|x64
		Debug|x86 = Debug|x86
		Release|x64 = Release|x64
		Release|x86 = Release|x86
	EndGlobalSection
	GlobalSection(ProjectConfigurationPlatforms) = postSolution
		{87DD3958-4546-41C4-B96C-61C58B1DBA40}.Debug|x64.ActiveCfg = Debug|x64
		{87DD3958-4546-41C4-B96C-61C58B1DBA40}.Debug|x64.Build.0 = Debug|x64
		{87DD3958-4546-41C4-B96C-61C58B1DBA40}.Debug|x86.ActiveCfg = Debug|Win32
		{87DD3958-4546-41C4-B96C-61C58B1DBA40}.Debug|x86.Build.0 = Debug|Win32
		{87DD3958-4546-41C4-B96C-61C58B1DBA40}.Release|x64.ActiveCfg = Release|x64
		{87DD3958-4546-41C4-B96C-61C58B1DBA40}.Release|x64.Build.0 = Release|x64
		{87DD3958-4546-41C4-B96C-61C58B1DBA40}.Release|x86.ActiveCfg = Release|Win32
		{87DD3958-4546-41C4-B96C-61C58B1DBA40}.Release|x86.Build.0 = Release|Win32
		{E78BD1D0-2F17-4947-A683-82B9AA89DD5E}.Debug|x64.ActiveCfg = Debug|x64
		{E78BD1D0-2F17-4947-A683-82B9AA89DD5E}.Debug|x64.Build.0 = Debug|x64
		{E78BD1D0-2F17-4947-A683-82B9AA89DD5E}.Debug|x86.ActiveCfg = Debug|Win32
		{E78BD1D0-2F17-4947-A683-82B9AA89DD5E}.Debug|x86.Build.0 = Debug|Win32
		{E78BD1D0-2F17-4947-A683-82B9AA89DD5E}.Release|x64.ActiveCfg = Release|x64
		{E78BD1D0-2F17-4947-A683-82B9AA89DD5E}.Release|x64.Build.0 = Release|x64
		{E78BD1D0-2F17-4947-A683-82B9AA89DD5E}.Release|x86.ActiveCfg = Release|Win32
		{E78BD1D0-2F17-4947-A683-82B9AA89DD5E}.Release|x86.Build.0 = Release|Win32
		{AA3C4DC3-07BF-4BF1-9BBD-70EAE6197D81}.Debug|x64.ActiveCfg = Debug|x64
		{AA3C4DC3-07BF-4BF1-9BBD-70EAE6197D81}.Debug|x64.Build.0 = Debug|x64
		{AA3C4DC3-07BF-4BF1-9BBD-70EAE6197D81}.Debug|x86.ActiveCfg = Debug|Win32
		{AA3C4DC3-07BF-4BF1-9BBD-70EAE6197D81}.Debug|x86.Build.0 = Debug|Win32
		{AA3C4DC3-07BF-4BF1-9BBD-70EAE6197D81}.Release|x64.ActiveCfg = Release|x64
		{AA3C4DC3-07BF-4BF1-9BBD-70EAE6197D81}.Release|x64.Build.0 = Release|x64
		{AA3C4DC3-07BF-4BF1-9BBD-70EAE6197D81}.Release|x86.ActiveCfg = Release|Win32
		{AA3C4DC3-07BF-4BF1-9BBD-70EAE6197D81}.Release|x86.Build.0 = Release|Win32
		{88A635E0-4CE5-48BC-A8B7-F2CF4C74D37A}.Debug|x64.ActiveCfg = Debug|x64
		{88A635E0-4CE5-48BC-A8B7-F2CF4C74D37A}.Debug|x64.Build.0 = Debug|x64
		{88A635E0-4CE5-48BC-A8B7-F2CF4C74D37A}.Debug|x86.ActiveCfg = Debug|Win32
		{88A635E0-4CE5-48BC-A8B7-F2CF4C74D37A}.Debug|x86.Build.0 = Debug|Win32
		{88A635E0-4CE5-48BC-A8B7-F2CF4C74D37A}.Release|x64.ActiveCfg = Release|x64
		{88A635E0-4CE5-48BC-A8B7-F2CF4C74D37A}.Release|x64.Build.0 = Release|x64
		{88A635E0-4CE5-48BC-A8B7-F2CF4C74D37A}.Release|x86.ActiveCfg = Release|Win32
		{88A635E0-4CE5-48BC-A8B7-F2CF4C74D37A}.Release|x86.Build.0 = Release|Win32
		{E634DCD1-19E9-47AC-9558-719F076B3A0C}.Debug|x64.ActiveCfg = Debug|x64
		{E634DCD1-19E9-47AC-9558-719F076B3A0C}.Debug|x64.Build.0 = Debug|x64
		{E634DCD1-19E9-47AC-9558-719F076B3A0C}.Debug|x86.ActiveCfg = Debug|Win32
		{E634DCD1-19E9-47AC-9558-719F076B3A0C}.Debug|x86.Build.0 = Debug|Win32
		{E634DCD1-19E9-47AC-9558-719F076B3A0C}.Release|x64.ActiveCfg = Release|x64
		{E634DCD1-19E9-47AC-9558-719F076B3A0C}.Release|x64.Build.0 = Release|x64
		{E634DCD1-19E9-47AC-9558-719F076B3A0C}.Release|x86.ActiveCfg = Release|Win32
		{E634DCD1-19E9-47AC-9558-719F076B3A0C}.Release|x86.Build.0 = Release|Win32
		{06DBAEA9-292C-430C-96B8-98DAD81891FE}.Debug|x64.ActiveCfg = Debug|x64
		{06DBAEA9-292C-430C-96B8-98DAD81891FE}.Debug|x64.Build.0 = Debug|x64
		{06DBAEA9-292C-430C-96B8-98DAD81891FE}.Debug|x86.ActiveCfg = Debug|Win32
		{06DBAEA9-292C-430C-96B8-98DAD81891FE}.Debug|x86.Build.0 = Debug|Win32
		{06DBAEA9-292C-430C-96B8-98DAD81891FE}.Release|x64.ActiveCfg = Release|x64
		{06DBAEA9-292C-430C-96B8-98DAD81891FE}.Release|x64.Build.0 = Release|x64
		{06DBAEA9-292C-430C-96B8-98DAD81891FE}.Release|x86.ActiveCfg = Release|Win32
		{06DBAEA9-292C-430C-96B8-98DAD81891FE}.Release|x86.Build.0 = Release|Win32
		{B0F36B44-2C0E-4CC6-8B7D-11B768A20D2D}.Debug|x64.ActiveCfg = Debug|x64
		{B0F36B44-2C0E-4CC6-8B7D-11B768A20D2D}.Debug|x64.Build.0 = Debug|x64
		{B0F36B44-2C0E-4CC6-8B7D-11B768A20D2D}.Debug|x86.ActiveCfg = Debug|Win32
		{B0F36B44-2C0E-4CC6-8B7D-11B768A20D2D}.Debug|x86.Build.0 = Debug|Win32
		{B0F36B44-2C0E-4CC6-8B7D-11B768A20D2D}.Release|x64.ActiveCfg = Release|x64
		{B0F36B44-2C0E-4CC6-8B7D-11B768A20D2D}.Release|x64.Build.0 = Release|x64
		{B0F36B44-2C0E-4CC6-8B7D-11B768A20D2D}.Release|x86.ActiveCfg = Release|Win32
		{B0F36B44-2C0E-4CC6-8B7D-11B768A20D2D}.Release|x86.Build.0 = Release|Win32
		{96F625E5-BFD1-4847-84A4-5784E7763BC8}.Debug|x64.ActiveCfg = Debug|x64
		{96F625E5-BFD1-4847-84A4-5784E7763BC8}.Debug|x64.Build.0 = Debug|x64
		{96F625E5-BFD1-4847-84A4-5784E7763BC8}.Debug|x86.ActiveCfg = Debug|Win32
		{96F625E5-BFD1-4847-84A4-5784E7763BC8}.Debug|x86.Build.0 = Debug|Win32
		{96F625E5-BFD1-4847-84A4-5784E7763BC8}.Release|x64.ActiveCfg = Release|x64
		{96F625E5-BFD1-4847-84A4-5784E7763BC8}.Release|x64.Build.0 = Release|x64
		{96F625E5-BFD1-4847-84A4-5784E7763BC8}.Release|x86.ActiveCfg = Release|Win32
		{96F625E5-BFD1-4847-84A4-5784E7763BC8}.Release|x86.Build.0 = Release|Win32
		{38617458-28F9-4F32-BCFF-EF80442125A2}.Debug|x64.ActiveCfg = Debug|x64
		{38617458-28F9-4F32-BCFF-EF80442125A2}.Debug|x64.Build.0 = Debug|x64
		{38617458-28F9-4F32-BCFF-EF80442125A2}.Debug|x86.ActiveCfg = Debug|Win32
		{38617458-28F9-4F32-BCFF-EF80442125A2}.Debug|x86.Build.0 = Debug|Win32
		{38617458-28F9-4F32-BCFF-EF80442125A2}.Release|x64.ActiveCfg = Release|x64
		{38617458-28F9-4F32-BCFF-EF80442125A2}.Release|x64.Build.0 = Release|x64
		{38617458-28F9-4F32-BCFF-EF80442125A2}.Release|x86.ActiveCfg = Release|Win32
		{38617458-28F9-4F32-BCFF-EF80442125A2}.Release|x86.Build.0 = Release|Win32
		{F2DF470C-0493-43AF-AF56-1A543054A069}.Debug|x64.ActiveCfg = Debug|x64
		{F2DF470C-0493-43AF-AF56-1A543054A069}.Debug|x64.Build.0 = Debug|x64
		{F2DF470C-0493-43AF-AF56-1A543054A069}.Debug|x86.ActiveCfg = Debug|Win32
		{F2DF470C-0493-43AF-AF56-1A543054A069}.Debug|x86.Build.0 = Debug|Win32
		{F2DF470C-0493-43AF-AF56-1A543054A069}.Release|x64.ActiveCfg = Release|x64
		{F2DF470C-0493-43AF-AF56-1A543054A069}.Release|x64.Build.0 = Release|x64
		{F2DF470C-0493-43AF-AF56-1A543054A069}.Release|x86.ActiveCfg = Release|Win32
		{F2DF470C-0493-43AF-AF56-1A543054A069}.Release|x86.Build.0 = Release|Win32
		{E28270D0-EF35-4D41-A20E-7C17585B8ED2}.Debug|x64.ActiveCfg = Debug|x64
		{E28270D0-EF35-4D41-A20E-7C17585B8ED2}.Debug|x64.Build.0 = Debug|x64
		{E28270D0-EF35-4D41-A20E-7C17585B8ED2}.Debug|x86.ActiveCfg = Debug|Win32
		{E28270D0-EF35-4D41-A20E-7C17585B8ED2}.Debug|x86.Build.0 = Debug|Win32
		{E28270D0-EF35-4D41-A20E-7C17585B8ED2}.Release|x64.ActiveCfg = Release|x64
		{E28270D0-EF35-4D41-A20E-7C17585B8ED2}.Release|x64.Build.0 = Release|x64
		{E28270D0-EF35-4D41-A20E-7C17585B8ED2}.Release|x86.ActiveCfg = Release|Win32
		{E28270D0-EF35-4D41-A20E-7C17585B8ED2}.Release|x86.Build.0 = Release|Win32
		{4A23E5E1-047A-4456-B553-22B152D2D0D1}.Debug|x64.ActiveCfg = Debug|x64
		{4A23E5E1-047A-4456-B553-22B152D2D0D1}.Debug|x64.Build.0 = Debug|x64
		{4A23E5E1-047A-4456-B553-22B152D2D0D1}.Debug|x86.ActiveCfg = Debug|Win32
		{4A23E5E1-047A-4456-B553-22B152D2D0D1}.Debug|x86.Build.0 = Debug|Win32
		{4A23E5E1-047A-4456-B553-22B152D2D0D1}.Release|x64.ActiveCfg = Release|x64
		{4A23E5E1-047A-4456-B553-22B152D2D0D1}.Release|x64.Build.0 = Release|x64
		{4A23E5E1-047A-4456-B553-22B152D2D0D1}.Release|x86.ActiveCfg = Release|Win32
		{4A23E5E1-047A-4456-B553-22B152D2D0D1}.Release|x86.Build.0 = Release|Win32
	EndGlobalSection
	GlobalSection(SolutionProperties) = preSolution
		HideSolutionNode = FALSE
	EndGlobalSection
	GlobalSection(ExtensibilityGlobals) = postSolution
		SolutionGuid = {2EC87D7F-466D-4DBA-829A-E12DB31553FB}
	EndGlobalSection
EndGlobal
