
Microsoft Visual Studio Solution File, Format Version 12.00
# Visual Studio Version 17
VisualStudioVersion = 17.7.34031.279
MinimumVisualStudioVersion = 10.0.40219.1
Project("{8BC9CEB8-8B4A-11D0-8D11-00A0C91BC942}") = "chislo", "chislo\chislo.vcxproj", "{5BF0FEE1-6B87-48EF-ACD0-5ED6118E3FD9}"
EndProject
Project("{8BC9CEB8-8B4A-11D0-8D11-00A0C91BC942}") = "9", "9\9.vcxproj", "{B39B9647-09BA-4685-82BE-4C7001E4945A}"
EndProject
Project("{8BC9CEB8-8B4A-11D0-8D11-00A0C91BC942}") = "12", "12\12.vcxproj", "{7F85F0FA-9808-4D02-84B0-A091A24D208C}"
EndProject
Project("{8BC9CEB8-8B4A-11D0-8D11-00A0C91BC942}") = "11", "11\11.vcxproj", "{AC5836D1-3F27-43EA-A96B-4F4D8916251D}"
EndProject
Project("{8BC9CEB8-8B4A-11D0-8D11-00A0C91BC942}") = "dialog", "6th\6th.vcxproj", "{E63C2EB3-788F-4CAA-94A7-7A91ED9C95D9}"
EndProject
Project("{8BC9CEB8-8B4A-11D0-8D11-00A0C91BC942}") = "second", "second\second.vcxproj", "{EF05D327-750A-4A36-A3B9-6E6BEB612778}"
EndProject
Project("{8BC9CEB8-8B4A-11D0-8D11-00A0C91BC942}") = "7(3)", "7(3)\7(3).vcxproj", "{D2A33C4F-0822-4F4E-A35E-7179815CF759}"
EndProject
Project("{8BC9CEB8-8B4A-11D0-8D11-00A0C91BC942}") = "diskriminant", "diskriminant\diskriminant.vcxproj", "{AA690AB6-30F6-498B-B761-11E7707FADDB}"
EndProject
Project("{8BC9CEB8-8B4A-11D0-8D11-00A0C91BC942}") = "1dop", "1dop\1dop.vcxproj", "{E78D52EA-16C4-4D93-8FA4-48418AE9120C}"
EndProject
Project("{8BC9CEB8-8B4A-11D0-8D11-00A0C91BC942}") = "4", "4\4.vcxproj", "{55220D03-FA67-40BB-83B0-7A1A9A325DCF}"
EndProject
Global
	GlobalSection(SolutionConfigurationPlatforms) = preSolution
		Debug|x64 = Debug|x64
		Debug|x86 = Debug|x86
		Release|x64 = Release|x64
		Release|x86 = Release|x86
	EndGlobalSection
	GlobalSection(ProjectConfigurationPlatforms) = postSolution
		{5BF0FEE1-6B87-48EF-ACD0-5ED6118E3FD9}.Debug|x64.ActiveCfg = Debug|x64
		{5BF0FEE1-6B87-48EF-ACD0-5ED6118E3FD9}.Debug|x64.Build.0 = Debug|x64
		{5BF0FEE1-6B87-48EF-ACD0-5ED6118E3FD9}.Debug|x86.ActiveCfg = Debug|Win32
		{5BF0FEE1-6B87-48EF-ACD0-5ED6118E3FD9}.Debug|x86.Build.0 = Debug|Win32
		{5BF0FEE1-6B87-48EF-ACD0-5ED6118E3FD9}.Release|x64.ActiveCfg = Release|x64
		{5BF0FEE1-6B87-48EF-ACD0-5ED6118E3FD9}.Release|x64.Build.0 = Release|x64
		{5BF0FEE1-6B87-48EF-ACD0-5ED6118E3FD9}.Release|x86.ActiveCfg = Release|Win32
		{5BF0FEE1-6B87-48EF-ACD0-5ED6118E3FD9}.Release|x86.Build.0 = Release|Win32
		{B39B9647-09BA-4685-82BE-4C7001E4945A}.Debug|x64.ActiveCfg = Debug|x64
		{B39B9647-09BA-4685-82BE-4C7001E4945A}.Debug|x64.Build.0 = Debug|x64
		{B39B9647-09BA-4685-82BE-4C7001E4945A}.Debug|x86.ActiveCfg = Debug|Win32
		{B39B9647-09BA-4685-82BE-4C7001E4945A}.Debug|x86.Build.0 = Debug|Win32
		{B39B9647-09BA-4685-82BE-4C7001E4945A}.Release|x64.ActiveCfg = Release|x64
		{B39B9647-09BA-4685-82BE-4C7001E4945A}.Release|x64.Build.0 = Release|x64
		{B39B9647-09BA-4685-82BE-4C7001E4945A}.Release|x86.ActiveCfg = Release|Win32
		{B39B9647-09BA-4685-82BE-4C7001E4945A}.Release|x86.Build.0 = Release|Win32
		{7F85F0FA-9808-4D02-84B0-A091A24D208C}.Debug|x64.ActiveCfg = Debug|x64
		{7F85F0FA-9808-4D02-84B0-A091A24D208C}.Debug|x64.Build.0 = Debug|x64
		{7F85F0FA-9808-4D02-84B0-A091A24D208C}.Debug|x86.ActiveCfg = Debug|Win32
		{7F85F0FA-9808-4D02-84B0-A091A24D208C}.Debug|x86.Build.0 = Debug|Win32
		{7F85F0FA-9808-4D02-84B0-A091A24D208C}.Release|x64.ActiveCfg = Release|x64
		{7F85F0FA-9808-4D02-84B0-A091A24D208C}.Release|x64.Build.0 = Release|x64
		{7F85F0FA-9808-4D02-84B0-A091A24D208C}.Release|x86.ActiveCfg = Release|Win32
		{7F85F0FA-9808-4D02-84B0-A091A24D208C}.Release|x86.Build.0 = Release|Win32
		{AC5836D1-3F27-43EA-A96B-4F4D8916251D}.Debug|x64.ActiveCfg = Debug|x64
		{AC5836D1-3F27-43EA-A96B-4F4D8916251D}.Debug|x64.Build.0 = Debug|x64
		{AC5836D1-3F27-43EA-A96B-4F4D8916251D}.Debug|x86.ActiveCfg = Debug|Win32
		{AC5836D1-3F27-43EA-A96B-4F4D8916251D}.Debug|x86.Build.0 = Debug|Win32
		{AC5836D1-3F27-43EA-A96B-4F4D8916251D}.Release|x64.ActiveCfg = Release|x64
		{AC5836D1-3F27-43EA-A96B-4F4D8916251D}.Release|x64.Build.0 = Release|x64
		{AC5836D1-3F27-43EA-A96B-4F4D8916251D}.Release|x86.ActiveCfg = Release|Win32
		{AC5836D1-3F27-43EA-A96B-4F4D8916251D}.Release|x86.Build.0 = Release|Win32
		{E63C2EB3-788F-4CAA-94A7-7A91ED9C95D9}.Debug|x64.ActiveCfg = Debug|x64
		{E63C2EB3-788F-4CAA-94A7-7A91ED9C95D9}.Debug|x64.Build.0 = Debug|x64
		{E63C2EB3-788F-4CAA-94A7-7A91ED9C95D9}.Debug|x86.ActiveCfg = Debug|Win32
		{E63C2EB3-788F-4CAA-94A7-7A91ED9C95D9}.Debug|x86.Build.0 = Debug|Win32
		{E63C2EB3-788F-4CAA-94A7-7A91ED9C95D9}.Release|x64.ActiveCfg = Release|x64
		{E63C2EB3-788F-4CAA-94A7-7A91ED9C95D9}.Release|x64.Build.0 = Release|x64
		{E63C2EB3-788F-4CAA-94A7-7A91ED9C95D9}.Release|x86.ActiveCfg = Release|Win32
		{E63C2EB3-788F-4CAA-94A7-7A91ED9C95D9}.Release|x86.Build.0 = Release|Win32
		{EF05D327-750A-4A36-A3B9-6E6BEB612778}.Debug|x64.ActiveCfg = Debug|x64
		{EF05D327-750A-4A36-A3B9-6E6BEB612778}.Debug|x64.Build.0 = Debug|x64
		{EF05D327-750A-4A36-A3B9-6E6BEB612778}.Debug|x86.ActiveCfg = Debug|Win32
		{EF05D327-750A-4A36-A3B9-6E6BEB612778}.Debug|x86.Build.0 = Debug|Win32
		{EF05D327-750A-4A36-A3B9-6E6BEB612778}.Release|x64.ActiveCfg = Release|x64
		{EF05D327-750A-4A36-A3B9-6E6BEB612778}.Release|x64.Build.0 = Release|x64
		{EF05D327-750A-4A36-A3B9-6E6BEB612778}.Release|x86.ActiveCfg = Release|Win32
		{EF05D327-750A-4A36-A3B9-6E6BEB612778}.Release|x86.Build.0 = Release|Win32
		{D2A33C4F-0822-4F4E-A35E-7179815CF759}.Debug|x64.ActiveCfg = Debug|x64
		{D2A33C4F-0822-4F4E-A35E-7179815CF759}.Debug|x64.Build.0 = Debug|x64
		{D2A33C4F-0822-4F4E-A35E-7179815CF759}.Debug|x86.ActiveCfg = Debug|Win32
		{D2A33C4F-0822-4F4E-A35E-7179815CF759}.Debug|x86.Build.0 = Debug|Win32
		{D2A33C4F-0822-4F4E-A35E-7179815CF759}.Release|x64.ActiveCfg = Release|x64
		{D2A33C4F-0822-4F4E-A35E-7179815CF759}.Release|x64.Build.0 = Release|x64
		{D2A33C4F-0822-4F4E-A35E-7179815CF759}.Release|x86.ActiveCfg = Release|Win32
		{D2A33C4F-0822-4F4E-A35E-7179815CF759}.Release|x86.Build.0 = Release|Win32
		{AA690AB6-30F6-498B-B761-11E7707FADDB}.Debug|x64.ActiveCfg = Debug|x64
		{AA690AB6-30F6-498B-B761-11E7707FADDB}.Debug|x64.Build.0 = Debug|x64
		{AA690AB6-30F6-498B-B761-11E7707FADDB}.Debug|x86.ActiveCfg = Debug|Win32
		{AA690AB6-30F6-498B-B761-11E7707FADDB}.Debug|x86.Build.0 = Debug|Win32
		{AA690AB6-30F6-498B-B761-11E7707FADDB}.Release|x64.ActiveCfg = Release|x64
		{AA690AB6-30F6-498B-B761-11E7707FADDB}.Release|x64.Build.0 = Release|x64
		{AA690AB6-30F6-498B-B761-11E7707FADDB}.Release|x86.ActiveCfg = Release|Win32
		{AA690AB6-30F6-498B-B761-11E7707FADDB}.Release|x86.Build.0 = Release|Win32
		{E78D52EA-16C4-4D93-8FA4-48418AE9120C}.Debug|x64.ActiveCfg = Debug|x64
		{E78D52EA-16C4-4D93-8FA4-48418AE9120C}.Debug|x64.Build.0 = Debug|x64
		{E78D52EA-16C4-4D93-8FA4-48418AE9120C}.Debug|x86.ActiveCfg = Debug|Win32
		{E78D52EA-16C4-4D93-8FA4-48418AE9120C}.Debug|x86.Build.0 = Debug|Win32
		{E78D52EA-16C4-4D93-8FA4-48418AE9120C}.Release|x64.ActiveCfg = Release|x64
		{E78D52EA-16C4-4D93-8FA4-48418AE9120C}.Release|x64.Build.0 = Release|x64
		{E78D52EA-16C4-4D93-8FA4-48418AE9120C}.Release|x86.ActiveCfg = Release|Win32
		{E78D52EA-16C4-4D93-8FA4-48418AE9120C}.Release|x86.Build.0 = Release|Win32
		{55220D03-FA67-40BB-83B0-7A1A9A325DCF}.Debug|x64.ActiveCfg = Debug|x64
		{55220D03-FA67-40BB-83B0-7A1A9A325DCF}.Debug|x64.Build.0 = Debug|x64
		{55220D03-FA67-40BB-83B0-7A1A9A325DCF}.Debug|x86.ActiveCfg = Debug|Win32
		{55220D03-FA67-40BB-83B0-7A1A9A325DCF}.Debug|x86.Build.0 = Debug|Win32
		{55220D03-FA67-40BB-83B0-7A1A9A325DCF}.Release|x64.ActiveCfg = Release|x64
		{55220D03-FA67-40BB-83B0-7A1A9A325DCF}.Release|x64.Build.0 = Release|x64
		{55220D03-FA67-40BB-83B0-7A1A9A325DCF}.Release|x86.ActiveCfg = Release|Win32
		{55220D03-FA67-40BB-83B0-7A1A9A325DCF}.Release|x86.Build.0 = Release|Win32
	EndGlobalSection
	GlobalSection(SolutionProperties) = preSolution
		HideSolutionNode = FALSE
	EndGlobalSection
	GlobalSection(ExtensibilityGlobals) = postSolution
		SolutionGuid = {A208CFDD-B7A2-414A-9B77-41669EAF87FF}
	EndGlobalSection
EndGlobal
